
Microsoft Visual Studio Solution File, Format Version 12.00
# Visual Studio Version 17
VisualStudioVersion = 17.5.33627.172
MinimumVisualStudioVersion = 10.0.40219.1
Project("{FAE04EC0-301F-11D3-BF4B-00C04F79EFBC}") = "lab1-3", "lab1-3\lab1-3.csproj", "{6AB88FEB-B081-4553-8BCD-DD1683045B46}"
EndProject
Global
	GlobalSection(SolutionConfigurationPlatforms) = preSolution
		Debug|Any CPU = Debug|Any CPU
		Release|Any CPU = Release|Any CPU
	EndGlobalSection
	GlobalSection(ProjectConfigurationPlatforms) = postSolution
		{6AB88FEB-B081-4553-8BCD-DD1683045B46}.Debug|Any CPU.ActiveCfg = Debug|Any CPU
		{6AB88FEB-B081-4553-8BCD-DD1683045B46}.Debug|Any CPU.Build.0 = Debug|Any CPU
		{6AB88FEB-B081-4553-8BCD-DD1683045B46}.Release|Any CPU.ActiveCfg = Release|Any CPU
		{6AB88FEB-B081-4553-8BCD-DD1683045B46}.Release|Any CPU.Build.0 = Release|Any CPU
	EndGlobalSection
	GlobalSection(SolutionProperties) = preSolution
		HideSolutionNode = FALSE
	EndGlobalSection
	GlobalSection(ExtensibilityGlobals) = postSolution
		SolutionGuid = {A09A4C2B-0749-416D-8DAA-7936FF55FA71}
	EndGlobalSection
EndGlobal
