
Microsoft Visual Studio Solution File, Format Version 12.00
# Visual Studio Version 17
VisualStudioVersion = 17.5.33627.172
MinimumVisualStudioVersion = 10.0.40219.1
Project("{FAE04EC0-301F-11D3-BF4B-00C04F79EFBC}") = "lab2-3", "lab2-3\lab2-3.csproj", "{3A77C953-CA51-4679-AF6E-821C64A0690E}"
EndProject
Global
	GlobalSection(SolutionConfigurationPlatforms) = preSolution
		Debug|Any CPU = Debug|Any CPU
		Release|Any CPU = Release|Any CPU
	EndGlobalSection
	GlobalSection(ProjectConfigurationPlatforms) = postSolution
		{3A77C953-CA51-4679-AF6E-821C64A0690E}.Debug|Any CPU.ActiveCfg = Debug|Any CPU
		{3A77C953-CA51-4679-AF6E-821C64A0690E}.Debug|Any CPU.Build.0 = Debug|Any CPU
		{3A77C953-CA51-4679-AF6E-821C64A0690E}.Release|Any CPU.ActiveCfg = Release|Any CPU
		{3A77C953-CA51-4679-AF6E-821C64A0690E}.Release|Any CPU.Build.0 = Release|Any CPU
	EndGlobalSection
	GlobalSection(SolutionProperties) = preSolution
		HideSolutionNode = FALSE
	EndGlobalSection
	GlobalSection(ExtensibilityGlobals) = postSolution
		SolutionGuid = {75141EDD-F509-4CF4-A655-7D25EE6F3AA8}
	EndGlobalSection
EndGlobal
